
Microsoft Visual Studio Solution File, Format Version 12.00
# Visual Studio Version 17
VisualStudioVersion = 17.4.33205.214
MinimumVisualStudioVersion = 10.0.40219.1
Project("{FAE04EC0-301F-11D3-BF4B-00C04F79EFBC}") = "ImgClass", "ImgClass\ImgClass.csproj", "{53FEEBB1-76EA-4D61-AD94-AC21F4BECF28}"
EndProject
Global
	GlobalSection(SolutionConfigurationPlatforms) = preSolution
		Debug|Any CPU = Debug|Any CPU
		Release|Any CPU = Release|Any CPU
	EndGlobalSection
	GlobalSection(ProjectConfigurationPlatforms) = postSolution
		{53FEEBB1-76EA-4D61-AD94-AC21F4BECF28}.Debug|Any CPU.ActiveCfg = Debug|Any CPU
		{53FEEBB1-76EA-4D61-AD94-AC21F4BECF28}.Debug|Any CPU.Build.0 = Debug|Any CPU
		{53FEEBB1-76EA-4D61-AD94-AC21F4BECF28}.Release|Any CPU.ActiveCfg = Release|Any CPU
		{53FEEBB1-76EA-4D61-AD94-AC21F4BECF28}.Release|Any CPU.Build.0 = Release|Any CPU
	EndGlobalSection
	GlobalSection(SolutionProperties) = preSolution
		HideSolutionNode = FALSE
	EndGlobalSection
	GlobalSection(ExtensibilityGlobals) = postSolution
		SolutionGuid = {105794D1-E9A4-43AD-9078-AFC3F03621F8}
	EndGlobalSection
EndGlobal
